
Microsoft Visual Studio Solution File, Format Version 12.00
# Visual Studio Version 16
VisualStudioVersion = 16.0.30907.101
MinimumVisualStudioVersion = 10.0.40219.1
Project("{9A19103F-16F7-4668-BE54-9A1E7A4F7556}") = "Entities", "Entities\Entities.csproj", "{DBB88020-D322-403D-AA0C-2C777BA24D9E}"
EndProject
Project("{9A19103F-16F7-4668-BE54-9A1E7A4F7556}") = "DataAccess", "DataAccess\DataAccess.csproj", "{BE1BF225-1649-4A99-BC2A-0BB6D01FD998}"
EndProject
Project("{9A19103F-16F7-4668-BE54-9A1E7A4F7556}") = "Business", "Business\Business.csproj", "{3018DB9F-B481-49AA-B067-768E63775EE2}"
EndProject
Project("{9A19103F-16F7-4668-BE54-9A1E7A4F7556}") = "ConsoleUI", "ConsoleUI\ConsoleUI.csproj", "{AB546A2E-790D-453D-A8D7-8F1769160041}"
EndProject
Project("{FAE04EC0-301F-11D3-BF4B-00C04F79EFBC}") = "Core", "Core\Core.csproj", "{F6BC32F5-2C84-42AA-A267-38CF235A8074}"
EndProject
Global
	GlobalSection(SolutionConfigurationPlatforms) = preSolution
		Debug|Any CPU = Debug|Any CPU
		Release|Any CPU = Release|Any CPU
	EndGlobalSection
	GlobalSection(ProjectConfigurationPlatforms) = postSolution
		{DBB88020-D322-403D-AA0C-2C777BA24D9E}.Debug|Any CPU.ActiveCfg = Debug|Any CPU
		{DBB88020-D322-403D-AA0C-2C777BA24D9E}.Debug|Any CPU.Build.0 = Debug|Any CPU
		{DBB88020-D322-403D-AA0C-2C777BA24D9E}.Release|Any CPU.ActiveCfg = Release|Any CPU
		{DBB88020-D322-403D-AA0C-2C777BA24D9E}.Release|Any CPU.Build.0 = Release|Any CPU
		{BE1BF225-1649-4A99-BC2A-0BB6D01FD998}.Debug|Any CPU.ActiveCfg = Debug|Any CPU
		{BE1BF225-1649-4A99-BC2A-0BB6D01FD998}.Debug|Any CPU.Build.0 = Debug|Any CPU
		{BE1BF225-1649-4A99-BC2A-0BB6D01FD998}.Release|Any CPU.ActiveCfg = Release|Any CPU
		{BE1BF225-1649-4A99-BC2A-0BB6D01FD998}.Release|Any CPU.Build.0 = Release|Any CPU
		{3018DB9F-B481-49AA-B067-768E63775EE2}.Debug|Any CPU.ActiveCfg = Debug|Any CPU
		{3018DB9F-B481-49AA-B067-768E63775EE2}.Debug|Any CPU.Build.0 = Debug|Any CPU
		{3018DB9F-B481-49AA-B067-768E63775EE2}.Release|Any CPU.ActiveCfg = Release|Any CPU
		{3018DB9F-B481-49AA-B067-768E63775EE2}.Release|Any CPU.Build.0 = Release|Any CPU
		{AB546A2E-790D-453D-A8D7-8F1769160041}.Debug|Any CPU.ActiveCfg = Debug|Any CPU
		{AB546A2E-790D-453D-A8D7-8F1769160041}.Debug|Any CPU.Build.0 = Debug|Any CPU
		{AB546A2E-790D-453D-A8D7-8F1769160041}.Release|Any CPU.ActiveCfg = Release|Any CPU
		{AB546A2E-790D-453D-A8D7-8F1769160041}.Release|Any CPU.Build.0 = Release|Any CPU
		{F6BC32F5-2C84-42AA-A267-38CF235A8074}.Debug|Any CPU.ActiveCfg = Debug|Any CPU
		{F6BC32F5-2C84-42AA-A267-38CF235A8074}.Debug|Any CPU.Build.0 = Debug|Any CPU
		{F6BC32F5-2C84-42AA-A267-38CF235A8074}.Release|Any CPU.ActiveCfg = Release|Any CPU
		{F6BC32F5-2C84-42AA-A267-38CF235A8074}.Release|Any CPU.Build.0 = Release|Any CPU
	EndGlobalSection
	GlobalSection(SolutionProperties) = preSolution
		HideSolutionNode = FALSE
	EndGlobalSection
	GlobalSection(ExtensibilityGlobals) = postSolution
		SolutionGuid = {7A2CA3E0-1343-448D-8F1E-BB6D5C0E756F}
	EndGlobalSection
EndGlobal
